
Microsoft Visual Studio Solution File, Format Version 12.00
# Visual Studio 14
VisualStudioVersion = 14.0.22823.1
MinimumVisualStudioVersion = 10.0.40219.1
Project("{FAE04EC0-301F-11D3-BF4B-00C04F79EFBC}") = "WebApplication", "WebApplication\WebApplication.csproj", "{FCD824B8-940A-400D-A32D-48E8A22770B6}"
EndProject
Project("{2150E333-8FDC-42A3-9474-1A3956D46DE8}") = "source", "source", "{4FDEBF90-792D-4D39-9D74-1585BAFBE0CD}"
EndProject
Project("{2150E333-8FDC-42A3-9474-1A3956D46DE8}") = "tests", "tests", "{FC54B4F3-02A4-4D07-B9AE-9215E9A983FE}"
EndProject
Global
	GlobalSection(SolutionConfigurationPlatforms) = preSolution
		Debug|Any CPU = Debug|Any CPU
		Release|Any CPU = Release|Any CPU
	EndGlobalSection
	GlobalSection(ProjectConfigurationPlatforms) = postSolution
		{FCD824B8-940A-400D-A32D-48E8A22770B6}.Debug|Any CPU.ActiveCfg = Debug|Any CPU
		{FCD824B8-940A-400D-A32D-48E8A22770B6}.Debug|Any CPU.Build.0 = Debug|Any CPU
		{FCD824B8-940A-400D-A32D-48E8A22770B6}.Release|Any CPU.ActiveCfg = Release|Any CPU
		{FCD824B8-940A-400D-A32D-48E8A22770B6}.Release|Any CPU.Build.0 = Release|Any CPU
	EndGlobalSection
	GlobalSection(SolutionProperties) = preSolution
		HideSolutionNode = FALSE
	EndGlobalSection
	GlobalSection(NestedProjects) = preSolution
		{FCD824B8-940A-400D-A32D-48E8A22770B6} = {4FDEBF90-792D-4D39-9D74-1585BAFBE0CD}
	EndGlobalSection
EndGlobal
